
Microsoft Visual Studio Solution File, Format Version 12.00
# Visual Studio 15
VisualStudioVersion = 15.0.27130.2010
MinimumVisualStudioVersion = 10.0.40219.1
Project("{FAE04EC0-301F-11D3-BF4B-00C04F79EFBC}") = "OpenChords.CrossPlatform.Executable", "OpenChords.CrossPlatform.Executable\OpenChords.CrossPlatform.Executable.csproj", "{18D0B5D1-0BFA-4C08-A15D-3A490DBC3573}"
EndProject
Project("{FAE04EC0-301F-11D3-BF4B-00C04F79EFBC}") = "_OpenChords.Web", "OpenChords.Web\_OpenChords.Web.csproj", "{8CA35AD8-1BC8-4667-B8F6-A0D22C87C51F}"
EndProject
Project("{FAE04EC0-301F-11D3-BF4B-00C04F79EFBC}") = "OpenChords.Library", "OpenChordsLibrary\OpenChords.Library.csproj", "{C23EB2CC-3ACA-4A91-B598-FE584168CCD6}"
EndProject
Project("{FAE04EC0-301F-11D3-BF4B-00C04F79EFBC}") = "OpenChords.CrossPlatform", "OpenChords.CrossPlatform\OpenChords.CrossPlatform.csproj", "{FFB154D9-5196-422C-B1C9-1ABF71CCCBDC}"
EndProject
Project("{2150E333-8FDC-42A3-9474-1A3956D46DE8}") = "Solution Items", "Solution Items", "{A23C341B-417A-4E91-88BA-FD5785B7002E}"
	ProjectSection(SolutionItems) = preProject
		App.config = App.config
		ChangeLog\changelog.txt = ChangeLog\changelog.txt
		Manual\help.md = Manual\help.md
		OpenChords.Setup\OpenChords.Setup.iss = OpenChords.Setup\OpenChords.Setup.iss
		SolutionInfo.cs = SolutionInfo.cs
	EndProjectSection
EndProject
Project("{FAE04EC0-301F-11D3-BF4B-00C04F79EFBC}") = "OpenChords.Tests", "OpenChords.Tests\OpenChords.Tests.csproj", "{EA3C7C27-B707-4FD9-BF2B-BF5FB711E0C3}"
EndProject
Global
	GlobalSection(SolutionConfigurationPlatforms) = preSolution
		Debug|Any CPU = Debug|Any CPU
		Debug|Mixed Platforms = Debug|Mixed Platforms
		Debug|x86 = Debug|x86
		Release|Any CPU = Release|Any CPU
		Release|Mixed Platforms = Release|Mixed Platforms
		Release|x86 = Release|x86
	EndGlobalSection
	GlobalSection(ProjectConfigurationPlatforms) = postSolution
		{8CA35AD8-1BC8-4667-B8F6-A0D22C87C51F}.Debug|Any CPU.ActiveCfg = Debug|Any CPU
		{8CA35AD8-1BC8-4667-B8F6-A0D22C87C51F}.Debug|Any CPU.Build.0 = Debug|Any CPU
		{8CA35AD8-1BC8-4667-B8F6-A0D22C87C51F}.Debug|Mixed Platforms.ActiveCfg = Debug|Any CPU
		{8CA35AD8-1BC8-4667-B8F6-A0D22C87C51F}.Debug|Mixed Platforms.Build.0 = Debug|Any CPU
		{8CA35AD8-1BC8-4667-B8F6-A0D22C87C51F}.Debug|x86.ActiveCfg = Debug|Any CPU
		{8CA35AD8-1BC8-4667-B8F6-A0D22C87C51F}.Release|Any CPU.ActiveCfg = Release|Any CPU
		{8CA35AD8-1BC8-4667-B8F6-A0D22C87C51F}.Release|Mixed Platforms.ActiveCfg = Release|Any CPU
		{8CA35AD8-1BC8-4667-B8F6-A0D22C87C51F}.Release|Mixed Platforms.Build.0 = Release|Any CPU
		{8CA35AD8-1BC8-4667-B8F6-A0D22C87C51F}.Release|x86.ActiveCfg = Release|Any CPU
		{C23EB2CC-3ACA-4A91-B598-FE584168CCD6}.Debug|Any CPU.ActiveCfg = Debug|Any CPU
		{C23EB2CC-3ACA-4A91-B598-FE584168CCD6}.Debug|Any CPU.Build.0 = Debug|Any CPU
		{C23EB2CC-3ACA-4A91-B598-FE584168CCD6}.Debug|Mixed Platforms.ActiveCfg = Debug|Any CPU
		{C23EB2CC-3ACA-4A91-B598-FE584168CCD6}.Debug|Mixed Platforms.Build.0 = Debug|Any CPU
		{C23EB2CC-3ACA-4A91-B598-FE584168CCD6}.Debug|x86.ActiveCfg = Debug|Any CPU
		{C23EB2CC-3ACA-4A91-B598-FE584168CCD6}.Release|Any CPU.ActiveCfg = Release|Any CPU
		{C23EB2CC-3ACA-4A91-B598-FE584168CCD6}.Release|Any CPU.Build.0 = Release|Any CPU
		{C23EB2CC-3ACA-4A91-B598-FE584168CCD6}.Release|Mixed Platforms.ActiveCfg = Release|Any CPU
		{C23EB2CC-3ACA-4A91-B598-FE584168CCD6}.Release|Mixed Platforms.Build.0 = Release|Any CPU
		{C23EB2CC-3ACA-4A91-B598-FE584168CCD6}.Release|x86.ActiveCfg = Release|Any CPU
		{FFB154D9-5196-422C-B1C9-1ABF71CCCBDC}.Debug|Any CPU.ActiveCfg = Debug|Any CPU
		{FFB154D9-5196-422C-B1C9-1ABF71CCCBDC}.Debug|Any CPU.Build.0 = Debug|Any CPU
		{FFB154D9-5196-422C-B1C9-1ABF71CCCBDC}.Debug|Mixed Platforms.ActiveCfg = Debug|Any CPU
		{FFB154D9-5196-422C-B1C9-1ABF71CCCBDC}.Debug|Mixed Platforms.Build.0 = Debug|Any CPU
		{FFB154D9-5196-422C-B1C9-1ABF71CCCBDC}.Debug|x86.ActiveCfg = Debug|Any CPU
		{FFB154D9-5196-422C-B1C9-1ABF71CCCBDC}.Release|Any CPU.ActiveCfg = Release|Any CPU
		{FFB154D9-5196-422C-B1C9-1ABF71CCCBDC}.Release|Any CPU.Build.0 = Release|Any CPU
		{FFB154D9-5196-422C-B1C9-1ABF71CCCBDC}.Release|Mixed Platforms.ActiveCfg = Release|Any CPU
		{FFB154D9-5196-422C-B1C9-1ABF71CCCBDC}.Release|Mixed Platforms.Build.0 = Release|Any CPU
		{FFB154D9-5196-422C-B1C9-1ABF71CCCBDC}.Release|x86.ActiveCfg = Release|Any CPU
		{18D0B5D1-0BFA-4C08-A15D-3A490DBC3573}.Debug|Any CPU.ActiveCfg = Debug|Any CPU
		{18D0B5D1-0BFA-4C08-A15D-3A490DBC3573}.Debug|Any CPU.Build.0 = Debug|Any CPU
		{18D0B5D1-0BFA-4C08-A15D-3A490DBC3573}.Debug|Mixed Platforms.ActiveCfg = Debug|x86
		{18D0B5D1-0BFA-4C08-A15D-3A490DBC3573}.Debug|Mixed Platforms.Build.0 = Debug|x86
		{18D0B5D1-0BFA-4C08-A15D-3A490DBC3573}.Debug|x86.ActiveCfg = Debug|x86
		{18D0B5D1-0BFA-4C08-A15D-3A490DBC3573}.Debug|x86.Build.0 = Debug|x86
		{18D0B5D1-0BFA-4C08-A15D-3A490DBC3573}.Release|Any CPU.ActiveCfg = Release|Any CPU
		{18D0B5D1-0BFA-4C08-A15D-3A490DBC3573}.Release|Any CPU.Build.0 = Release|Any CPU
		{18D0B5D1-0BFA-4C08-A15D-3A490DBC3573}.Release|Mixed Platforms.ActiveCfg = Release|Any CPU
		{18D0B5D1-0BFA-4C08-A15D-3A490DBC3573}.Release|Mixed Platforms.Build.0 = Release|Any CPU
		{18D0B5D1-0BFA-4C08-A15D-3A490DBC3573}.Release|x86.ActiveCfg = Release|x86
		{18D0B5D1-0BFA-4C08-A15D-3A490DBC3573}.Release|x86.Build.0 = Release|x86
		{EA3C7C27-B707-4FD9-BF2B-BF5FB711E0C3}.Debug|Any CPU.ActiveCfg = Debug|Any CPU
		{EA3C7C27-B707-4FD9-BF2B-BF5FB711E0C3}.Debug|Any CPU.Build.0 = Debug|Any CPU
		{EA3C7C27-B707-4FD9-BF2B-BF5FB711E0C3}.Debug|Mixed Platforms.ActiveCfg = Debug|Any CPU
		{EA3C7C27-B707-4FD9-BF2B-BF5FB711E0C3}.Debug|Mixed Platforms.Build.0 = Debug|Any CPU
		{EA3C7C27-B707-4FD9-BF2B-BF5FB711E0C3}.Debug|x86.ActiveCfg = Debug|Any CPU
		{EA3C7C27-B707-4FD9-BF2B-BF5FB711E0C3}.Debug|x86.Build.0 = Debug|Any CPU
		{EA3C7C27-B707-4FD9-BF2B-BF5FB711E0C3}.Release|Any CPU.ActiveCfg = Release|Any CPU
		{EA3C7C27-B707-4FD9-BF2B-BF5FB711E0C3}.Release|Any CPU.Build.0 = Release|Any CPU
		{EA3C7C27-B707-4FD9-BF2B-BF5FB711E0C3}.Release|Mixed Platforms.ActiveCfg = Release|Any CPU
		{EA3C7C27-B707-4FD9-BF2B-BF5FB711E0C3}.Release|Mixed Platforms.Build.0 = Release|Any CPU
		{EA3C7C27-B707-4FD9-BF2B-BF5FB711E0C3}.Release|x86.ActiveCfg = Release|Any CPU
		{EA3C7C27-B707-4FD9-BF2B-BF5FB711E0C3}.Release|x86.Build.0 = Release|Any CPU
	EndGlobalSection
	GlobalSection(SolutionProperties) = preSolution
		HideSolutionNode = FALSE
	EndGlobalSection
	GlobalSection(ExtensibilityGlobals) = postSolution
		SolutionGuid = {9009C68B-41DB-4047-9069-EB86499EF9ED}
	EndGlobalSection
	GlobalSection(MonoDevelopProperties) = preSolution
		StartupItem = OpenChords.CrossPlatform.Gtk2\OpenChords.CrossPlatform.Gtk2.csproj
	EndGlobalSection
EndGlobal
