
Microsoft Visual Studio Solution File, Format Version 12.00
# Visual Studio 2013
VisualStudioVersion = 12.0.21005.1
MinimumVisualStudioVersion = 10.0.40219.1
Project("{FAE04EC0-301F-11D3-BF4B-00C04F79EFBC}") = "OpenChords.Tester", "OpenChords.Tester\OpenChords.Tester.csproj", "{C5C1B8A8-231C-420B-9C7E-72F4E6190E29}"
EndProject
Project("{FAE04EC0-301F-11D3-BF4B-00C04F79EFBC}") = "_OpenChords.Web", "OpenChords.Web\_OpenChords.Web.csproj", "{8CA35AD8-1BC8-4667-B8F6-A0D22C87C51F}"
EndProject
Project("{FAE04EC0-301F-11D3-BF4B-00C04F79EFBC}") = "OpenChords.Library", "OpenChordsLibrary\OpenChords.Library.csproj", "{C23EB2CC-3ACA-4A91-B598-FE584168CCD6}"
EndProject
Project("{FAE04EC0-301F-11D3-BF4B-00C04F79EFBC}") = "OpenChords.Resources", "OpenChordsResources\OpenChords.Resources.csproj", "{715E8953-5BD3-42F5-8EEA-78DF1F03DA5F}"
EndProject
Project("{FAE04EC0-301F-11D3-BF4B-00C04F79EFBC}") = "_OpenChords.Loader", "OpenChordsLoader\_OpenChords.Loader.csproj", "{B93854AB-9F76-49D4-B107-B61C3CD639BB}"
EndProject
Project("{FAE04EC0-301F-11D3-BF4B-00C04F79EFBC}") = "OpenChords.Winforms", "OpenChordsWinforms\OpenChords.Winforms.csproj", "{50B1D110-0A65-4E76-AAA4-46F9B66DE671}"
EndProject
Global
	GlobalSection(SolutionConfigurationPlatforms) = preSolution
		Debug|Any CPU = Debug|Any CPU
		Release|Any CPU = Release|Any CPU
	EndGlobalSection
	GlobalSection(ProjectConfigurationPlatforms) = postSolution
		{C5C1B8A8-231C-420B-9C7E-72F4E6190E29}.Debug|Any CPU.ActiveCfg = Debug|Any CPU
		{C5C1B8A8-231C-420B-9C7E-72F4E6190E29}.Debug|Any CPU.Build.0 = Debug|Any CPU
		{C5C1B8A8-231C-420B-9C7E-72F4E6190E29}.Release|Any CPU.ActiveCfg = Release|Any CPU
		{C5C1B8A8-231C-420B-9C7E-72F4E6190E29}.Release|Any CPU.Build.0 = Release|Any CPU
		{8CA35AD8-1BC8-4667-B8F6-A0D22C87C51F}.Debug|Any CPU.ActiveCfg = Debug|Any CPU
		{8CA35AD8-1BC8-4667-B8F6-A0D22C87C51F}.Debug|Any CPU.Build.0 = Debug|Any CPU
		{8CA35AD8-1BC8-4667-B8F6-A0D22C87C51F}.Release|Any CPU.ActiveCfg = Release|Any CPU
		{8CA35AD8-1BC8-4667-B8F6-A0D22C87C51F}.Release|Any CPU.Build.0 = Release|Any CPU
		{C23EB2CC-3ACA-4A91-B598-FE584168CCD6}.Debug|Any CPU.ActiveCfg = Debug|Any CPU
		{C23EB2CC-3ACA-4A91-B598-FE584168CCD6}.Debug|Any CPU.Build.0 = Debug|Any CPU
		{C23EB2CC-3ACA-4A91-B598-FE584168CCD6}.Release|Any CPU.ActiveCfg = Release|Any CPU
		{C23EB2CC-3ACA-4A91-B598-FE584168CCD6}.Release|Any CPU.Build.0 = Release|Any CPU
		{715E8953-5BD3-42F5-8EEA-78DF1F03DA5F}.Debug|Any CPU.ActiveCfg = Debug|Any CPU
		{715E8953-5BD3-42F5-8EEA-78DF1F03DA5F}.Debug|Any CPU.Build.0 = Debug|Any CPU
		{715E8953-5BD3-42F5-8EEA-78DF1F03DA5F}.Release|Any CPU.ActiveCfg = Release|Any CPU
		{715E8953-5BD3-42F5-8EEA-78DF1F03DA5F}.Release|Any CPU.Build.0 = Release|Any CPU
		{B93854AB-9F76-49D4-B107-B61C3CD639BB}.Debug|Any CPU.ActiveCfg = Debug|Any CPU
		{B93854AB-9F76-49D4-B107-B61C3CD639BB}.Debug|Any CPU.Build.0 = Debug|Any CPU
		{B93854AB-9F76-49D4-B107-B61C3CD639BB}.Release|Any CPU.ActiveCfg = Release|Any CPU
		{B93854AB-9F76-49D4-B107-B61C3CD639BB}.Release|Any CPU.Build.0 = Release|Any CPU
		{50B1D110-0A65-4E76-AAA4-46F9B66DE671}.Debug|Any CPU.ActiveCfg = Debug|Any CPU
		{50B1D110-0A65-4E76-AAA4-46F9B66DE671}.Debug|Any CPU.Build.0 = Debug|Any CPU
		{50B1D110-0A65-4E76-AAA4-46F9B66DE671}.Release|Any CPU.ActiveCfg = Release|Any CPU
		{50B1D110-0A65-4E76-AAA4-46F9B66DE671}.Release|Any CPU.Build.0 = Release|Any CPU
	EndGlobalSection
	GlobalSection(SolutionProperties) = preSolution
		HideSolutionNode = FALSE
	EndGlobalSection
EndGlobal
